// !$*UTF8*$!
{
	archiveVersion = 1;
	classes = {
	};
	objectVersion = 50;
	objects = {

/* Begin PBXBuildFile section */
		03D5C988217FE2B400510FDF /* CustomCell.swift in Sources */ = {isa = PBXBuildFile; fileRef = 03D5C987217FE2B400510FDF /* CustomCell.swift */; };
		03D5C98A217FE2BD00510FDF /* ViewController.swift in Sources */ = {isa = PBXBuildFile; fileRef = 03D5C989217FE2BD00510FDF /* ViewController.swift */; };
		03D5C98C217FE2FC00510FDF /* calendar.storyboard in Resources */ = {isa = PBXBuildFile; fileRef = 03D5C98B217FE2FC00510FDF /* calendar.storyboard */; };
		4D8A22490DC4596E0B4EBCF3 /* Pods_HCI_GROUP_13.framework in Frameworks */ = {isa = PBXBuildFile; fileRef = A41020155692C11C228DF215 /* Pods_HCI_GROUP_13.framework */; };
		622B80522178A2F0005FEF00 /* CellDescViewController.swift in Sources */ = {isa = PBXBuildFile; fileRef = 622B80512178A2F0005FEF00 /* CellDescViewController.swift */; };
		628021F0216FA49000CA1168 /* TaskTableController.swift in Sources */ = {isa = PBXBuildFile; fileRef = 628021EF216FA49000CA1168 /* TaskTableController.swift */; };
		628021F2216FA49000CA1168 /* AddTaskController.swift in Sources */ = {isa = PBXBuildFile; fileRef = 628021F1216FA49000CA1168 /* AddTaskController.swift */; };
		628021F5216FA49000CA1168 /* Main.storyboard in Resources */ = {isa = PBXBuildFile; fileRef = 628021F3216FA49000CA1168 /* Main.storyboard */; };
		628021F7216FA49700CA1168 /* Assets.xcassets in Resources */ = {isa = PBXBuildFile; fileRef = 628021F6216FA49700CA1168 /* Assets.xcassets */; };
		628021FA216FA49700CA1168 /* LaunchScreen.storyboard in Resources */ = {isa = PBXBuildFile; fileRef = 628021F8216FA49700CA1168 /* LaunchScreen.storyboard */; };
		62802205216FA49700CA1168 /* HCI_GROUP_13Tests.swift in Sources */ = {isa = PBXBuildFile; fileRef = 62802204216FA49700CA1168 /* HCI_GROUP_13Tests.swift */; };
		62802210216FA49700CA1168 /* HCI_GROUP_13UITests.swift in Sources */ = {isa = PBXBuildFile; fileRef = 6280220F216FA49700CA1168 /* HCI_GROUP_13UITests.swift */; };
		62830E812179135E004FCF65 /* AppDelegate.swift in Sources */ = {isa = PBXBuildFile; fileRef = 62830E802179135E004FCF65 /* AppDelegate.swift */; };
		629CA6C1216FA722003DBA7B /* TaskManager.swift in Sources */ = {isa = PBXBuildFile; fileRef = 629CA6C0216FA722003DBA7B /* TaskManager.swift */; };
		D6D32FDF2186AB33007A6DF6 /* merge.storyboard in Resources */ = {isa = PBXBuildFile; fileRef = D6D32FDD2186AB32007A6DF6 /* merge.storyboard */; };
		D6D32FE02186AB33007A6DF6 /* MergeView.swift in Sources */ = {isa = PBXBuildFile; fileRef = D6D32FDE2186AB33007A6DF6 /* MergeView.swift */; };
		D6D46DBB219DD12A00C547BB /* FirebaseDatabase in Resources */ = {isa = PBXBuildFile; fileRef = D6D46D96219DD12800C547BB /* FirebaseDatabase */; };
		D6D46DBC219DD12A00C547BB /* JTAppleCalendar in Resources */ = {isa = PBXBuildFile; fileRef = D6D46DAF219DD12800C547BB /* JTAppleCalendar */; };
		D6D46DBD219DD12A00C547BB /* Firebase in Resources */ = {isa = PBXBuildFile; fileRef = D6D46DB0219DD12800C547BB /* Firebase */; };
		D6D46DBE219DD12A00C547BB /* GoogleUtilities in Resources */ = {isa = PBXBuildFile; fileRef = D6D46DB1219DD12800C547BB /* GoogleUtilities */; };
		D6D46DBF219DD12A00C547BB /* Headers in Resources */ = {isa = PBXBuildFile; fileRef = D6D46DB2219DD12800C547BB /* Headers */; };
		D6D46DC0219DD12A00C547BB /* FirebaseCore in Resources */ = {isa = PBXBuildFile; fileRef = D6D46DB3219DD12900C547BB /* FirebaseCore */; };
		D6D46DC1219DD12A00C547BB /* GoogleAppMeasurement in Resources */ = {isa = PBXBuildFile; fileRef = D6D46DB4219DD12900C547BB /* GoogleAppMeasurement */; };
		D6D46DC2219DD12A00C547BB /* FirebaseAnalytics in Resources */ = {isa = PBXBuildFile; fileRef = D6D46DB5219DD12900C547BB /* FirebaseAnalytics */; };
		D6D46DC3219DD12A00C547BB /* FirebaseInstanceID in Resources */ = {isa = PBXBuildFile; fileRef = D6D46DB6219DD12900C547BB /* FirebaseInstanceID */; };
		D6D46DC4219DD12A00C547BB /* nanopb in Resources */ = {isa = PBXBuildFile; fileRef = D6D46DB7219DD12900C547BB /* nanopb */; };
		D6D46DC5219DD12A00C547BB /* leveldb-library in Resources */ = {isa = PBXBuildFile; fileRef = D6D46DB8219DD12900C547BB /* leveldb-library */; };
		D6D46DC6219DD12A00C547BB /* Target Support Files in Resources */ = {isa = PBXBuildFile; fileRef = D6D46DB9219DD12900C547BB /* Target Support Files */; };
		D6D46DC7219DD12A00C547BB /* Manifest.lock in Resources */ = {isa = PBXBuildFile; fileRef = D6D46DBA219DD12A00C547BB /* Manifest.lock */; };
		D6D46DC9219DD13900C547BB /* GoogleService-Info.plist in Resources */ = {isa = PBXBuildFile; fileRef = D6D46DC8219DD13900C547BB /* GoogleService-Info.plist */; };
		FA37A7CD2186B2D600753794 /* customSegue.swift in Sources */ = {isa = PBXBuildFile; fileRef = FA37A7CC2186B2D600753794 /* customSegue.swift */; };
		FA37A7D12186C1A500753794 /* AddEventController.swift in Sources */ = {isa = PBXBuildFile; fileRef = FA37A7D02186C1A500753794 /* AddEventController.swift */; };
		FAAA9111218961A90021F341 /* EventManager.swift in Sources */ = {isa = PBXBuildFile; fileRef = FAAA9110218961A80021F341 /* EventManager.swift */; };
/* End PBXBuildFile section */

/* Begin PBXContainerItemProxy section */
		62802201216FA49700CA1168 /* PBXContainerItemProxy */ = {
			isa = PBXContainerItemProxy;
			containerPortal = 628021E2216FA49000CA1168 /* Project object */;
			proxyType = 1;
			remoteGlobalIDString = 628021E9216FA49000CA1168;
			remoteInfo = HCI_GROUP_13;
		};
		6280220C216FA49700CA1168 /* PBXContainerItemProxy */ = {
			isa = PBXContainerItemProxy;
			containerPortal = 628021E2216FA49000CA1168 /* Project object */;
			proxyType = 1;
			remoteGlobalIDString = 628021E9216FA49000CA1168;
			remoteInfo = HCI_GROUP_13;
		};
		D6D46DA1219DD12800C547BB /* PBXContainerItemProxy */ = {
			isa = PBXContainerItemProxy;
			containerPortal = D6D46D97219DD12800C547BB /* Pods.xcodeproj */;
			proxyType = 2;
			remoteGlobalIDString = D3666C8389C9E0932220492D8F0BF8D7;
			remoteInfo = FirebaseCore;
		};
		D6D46DA3219DD12800C547BB /* PBXContainerItemProxy */ = {
			isa = PBXContainerItemProxy;
			containerPortal = D6D46D97219DD12800C547BB /* Pods.xcodeproj */;
			proxyType = 2;
			remoteGlobalIDString = F1E7E77A3D4175F5419B00A69C264CE9;
			remoteInfo = FirebaseDatabase;
		};
		D6D46DA5219DD12800C547BB /* PBXContainerItemProxy */ = {
			isa = PBXContainerItemProxy;
			containerPortal = D6D46D97219DD12800C547BB /* Pods.xcodeproj */;
			proxyType = 2;
			remoteGlobalIDString = FFEDE33B7852C15ACAF1A5058A324E92;
			remoteInfo = GoogleUtilities;
		};
		D6D46DA7219DD12800C547BB /* PBXContainerItemProxy */ = {
			isa = PBXContainerItemProxy;
			containerPortal = D6D46D97219DD12800C547BB /* Pods.xcodeproj */;
			proxyType = 2;
			remoteGlobalIDString = ED2C10A2E46B87427CDCB6B58E5C37D6;
			remoteInfo = JTAppleCalendar;
		};
		D6D46DA9219DD12800C547BB /* PBXContainerItemProxy */ = {
			isa = PBXContainerItemProxy;
			containerPortal = D6D46D97219DD12800C547BB /* Pods.xcodeproj */;
			proxyType = 2;
			remoteGlobalIDString = 53E5FB6B088955F833D6C9D663F02BD1;
			remoteInfo = "leveldb-library";
		};
		D6D46DAB219DD12800C547BB /* PBXContainerItemProxy */ = {
			isa = PBXContainerItemProxy;
			containerPortal = D6D46D97219DD12800C547BB /* Pods.xcodeproj */;
			proxyType = 2;
			remoteGlobalIDString = BEA58E4AB25EC73750B93F2F859B6790;
			remoteInfo = nanopb;
		};
		D6D46DAD219DD12800C547BB /* PBXContainerItemProxy */ = {
			isa = PBXContainerItemProxy;
			containerPortal = D6D46D97219DD12800C547BB /* Pods.xcodeproj */;
			proxyType = 2;
			remoteGlobalIDString = C7086A867C73C406EB41F5E8C904BD17;
			remoteInfo = "Pods-HCI_GROUP_13";
		};
/* End PBXContainerItemProxy section */

/* Begin PBXFileReference section */
		03D5C987217FE2B400510FDF /* CustomCell.swift */ = {isa = PBXFileReference; fileEncoding = 4; lastKnownFileType = sourcecode.swift; path = CustomCell.swift; sourceTree = "<group>"; };
		03D5C989217FE2BD00510FDF /* ViewController.swift */ = {isa = PBXFileReference; fileEncoding = 4; lastKnownFileType = sourcecode.swift; path = ViewController.swift; sourceTree = "<group>"; };
		03D5C98B217FE2FC00510FDF /* calendar.storyboard */ = {isa = PBXFileReference; fileEncoding = 4; lastKnownFileType = file.storyboard; path = calendar.storyboard; sourceTree = "<group>"; };
		44FB211FA7342F7EDF529DA3 /* Pods-HCI_GROUP_13.release.xcconfig */ = {isa = PBXFileReference; includeInIndex = 1; lastKnownFileType = text.xcconfig; name = "Pods-HCI_GROUP_13.release.xcconfig"; path = "Pods/Target Support Files/Pods-HCI_GROUP_13/Pods-HCI_GROUP_13.release.xcconfig"; sourceTree = "<group>"; };
		5BC74D2BDB5F0EF87BE1CE7E /* Pods-HCI_GROUP_13.debug.xcconfig */ = {isa = PBXFileReference; includeInIndex = 1; lastKnownFileType = text.xcconfig; name = "Pods-HCI_GROUP_13.debug.xcconfig"; path = "Pods/Target Support Files/Pods-HCI_GROUP_13/Pods-HCI_GROUP_13.debug.xcconfig"; sourceTree = "<group>"; };
		622B80512178A2F0005FEF00 /* CellDescViewController.swift */ = {isa = PBXFileReference; lastKnownFileType = sourcecode.swift; path = CellDescViewController.swift; sourceTree = "<group>"; };
		628021EA216FA49000CA1168 /* HCI_GROUP_13.app */ = {isa = PBXFileReference; explicitFileType = wrapper.application; includeInIndex = 0; path = HCI_GROUP_13.app; sourceTree = BUILT_PRODUCTS_DIR; };
		628021EF216FA49000CA1168 /* TaskTableController.swift */ = {isa = PBXFileReference; lastKnownFileType = sourcecode.swift; path = TaskTableController.swift; sourceTree = "<group>"; };
		628021F1216FA49000CA1168 /* AddTaskController.swift */ = {isa = PBXFileReference; lastKnownFileType = sourcecode.swift; path = AddTaskController.swift; sourceTree = "<group>"; };
		628021F4216FA49000CA1168 /* Base */ = {isa = PBXFileReference; lastKnownFileType = file.storyboard; name = Base; path = Base.lproj/Main.storyboard; sourceTree = "<group>"; };
		628021F6216FA49700CA1168 /* Assets.xcassets */ = {isa = PBXFileReference; lastKnownFileType = folder.assetcatalog; path = Assets.xcassets; sourceTree = "<group>"; };
		628021F9216FA49700CA1168 /* Base */ = {isa = PBXFileReference; lastKnownFileType = file.storyboard; name = Base; path = Base.lproj/LaunchScreen.storyboard; sourceTree = "<group>"; };
		628021FB216FA49700CA1168 /* Info.plist */ = {isa = PBXFileReference; lastKnownFileType = text.plist.xml; path = Info.plist; sourceTree = "<group>"; };
		62802200216FA49700CA1168 /* HCI_GROUP_13Tests.xctest */ = {isa = PBXFileReference; explicitFileType = wrapper.cfbundle; includeInIndex = 0; path = HCI_GROUP_13Tests.xctest; sourceTree = BUILT_PRODUCTS_DIR; };
		62802204216FA49700CA1168 /* HCI_GROUP_13Tests.swift */ = {isa = PBXFileReference; lastKnownFileType = sourcecode.swift; path = HCI_GROUP_13Tests.swift; sourceTree = "<group>"; };
		62802206216FA49700CA1168 /* Info.plist */ = {isa = PBXFileReference; lastKnownFileType = text.plist.xml; path = Info.plist; sourceTree = "<group>"; };
		6280220B216FA49700CA1168 /* HCI_GROUP_13UITests.xctest */ = {isa = PBXFileReference; explicitFileType = wrapper.cfbundle; includeInIndex = 0; path = HCI_GROUP_13UITests.xctest; sourceTree = BUILT_PRODUCTS_DIR; };
		6280220F216FA49700CA1168 /* HCI_GROUP_13UITests.swift */ = {isa = PBXFileReference; lastKnownFileType = sourcecode.swift; path = HCI_GROUP_13UITests.swift; sourceTree = "<group>"; };
		62802211216FA49700CA1168 /* Info.plist */ = {isa = PBXFileReference; lastKnownFileType = text.plist.xml; path = Info.plist; sourceTree = "<group>"; };
		62830E802179135E004FCF65 /* AppDelegate.swift */ = {isa = PBXFileReference; lastKnownFileType = sourcecode.swift; path = AppDelegate.swift; sourceTree = "<group>"; };
		629CA6C0216FA722003DBA7B /* TaskManager.swift */ = {isa = PBXFileReference; lastKnownFileType = sourcecode.swift; path = TaskManager.swift; sourceTree = "<group>"; };
		A41020155692C11C228DF215 /* Pods_HCI_GROUP_13.framework */ = {isa = PBXFileReference; explicitFileType = wrapper.framework; includeInIndex = 0; path = Pods_HCI_GROUP_13.framework; sourceTree = BUILT_PRODUCTS_DIR; };
		D6D32FDD2186AB32007A6DF6 /* merge.storyboard */ = {isa = PBXFileReference; fileEncoding = 4; lastKnownFileType = file.storyboard; path = merge.storyboard; sourceTree = "<group>"; };
		D6D32FDE2186AB33007A6DF6 /* MergeView.swift */ = {isa = PBXFileReference; fileEncoding = 4; lastKnownFileType = sourcecode.swift; path = MergeView.swift; sourceTree = "<group>"; };
		D6D46D96219DD12800C547BB /* FirebaseDatabase */ = {isa = PBXFileReference; lastKnownFileType = folder; name = FirebaseDatabase; path = Pods/FirebaseDatabase; sourceTree = "<group>"; };
		D6D46D97219DD12800C547BB /* Pods.xcodeproj */ = {isa = PBXFileReference; lastKnownFileType = "wrapper.pb-project"; name = Pods.xcodeproj; path = Pods/Pods.xcodeproj; sourceTree = "<group>"; };
		D6D46DAF219DD12800C547BB /* JTAppleCalendar */ = {isa = PBXFileReference; lastKnownFileType = folder; name = JTAppleCalendar; path = Pods/JTAppleCalendar; sourceTree = "<group>"; };
		D6D46DB0219DD12800C547BB /* Firebase */ = {isa = PBXFileReference; lastKnownFileType = folder; name = Firebase; path = Pods/Firebase; sourceTree = "<group>"; };
		D6D46DB1219DD12800C547BB /* GoogleUtilities */ = {isa = PBXFileReference; lastKnownFileType = folder; name = GoogleUtilities; path = Pods/GoogleUtilities; sourceTree = "<group>"; };
		D6D46DB2219DD12800C547BB /* Headers */ = {isa = PBXFileReference; lastKnownFileType = folder; name = Headers; path = Pods/Headers; sourceTree = "<group>"; };
		D6D46DB3219DD12900C547BB /* FirebaseCore */ = {isa = PBXFileReference; lastKnownFileType = folder; name = FirebaseCore; path = Pods/FirebaseCore; sourceTree = "<group>"; };
		D6D46DB4219DD12900C547BB /* GoogleAppMeasurement */ = {isa = PBXFileReference; lastKnownFileType = folder; name = GoogleAppMeasurement; path = Pods/GoogleAppMeasurement; sourceTree = "<group>"; };
		D6D46DB5219DD12900C547BB /* FirebaseAnalytics */ = {isa = PBXFileReference; lastKnownFileType = folder; name = FirebaseAnalytics; path = Pods/FirebaseAnalytics; sourceTree = "<group>"; };
		D6D46DB6219DD12900C547BB /* FirebaseInstanceID */ = {isa = PBXFileReference; lastKnownFileType = folder; name = FirebaseInstanceID; path = Pods/FirebaseInstanceID; sourceTree = "<group>"; };
		D6D46DB7219DD12900C547BB /* nanopb */ = {isa = PBXFileReference; lastKnownFileType = folder; name = nanopb; path = Pods/nanopb; sourceTree = "<group>"; };
		D6D46DB8219DD12900C547BB /* leveldb-library */ = {isa = PBXFileReference; lastKnownFileType = folder; name = "leveldb-library"; path = "Pods/leveldb-library"; sourceTree = "<group>"; };
		D6D46DB9219DD12900C547BB /* Target Support Files */ = {isa = PBXFileReference; lastKnownFileType = folder; name = "Target Support Files"; path = "Pods/Target Support Files"; sourceTree = "<group>"; };
		D6D46DBA219DD12A00C547BB /* Manifest.lock */ = {isa = PBXFileReference; fileEncoding = 4; lastKnownFileType = text; name = Manifest.lock; path = Pods/Manifest.lock; sourceTree = "<group>"; };
		D6D46DC8219DD13900C547BB /* GoogleService-Info.plist */ = {isa = PBXFileReference; fileEncoding = 4; lastKnownFileType = text.plist.xml; path = "GoogleService-Info.plist"; sourceTree = "<group>"; };
		FA37A7CC2186B2D600753794 /* customSegue.swift */ = {isa = PBXFileReference; lastKnownFileType = sourcecode.swift; path = customSegue.swift; sourceTree = "<group>"; };
		FA37A7D02186C1A500753794 /* AddEventController.swift */ = {isa = PBXFileReference; lastKnownFileType = sourcecode.swift; path = AddEventController.swift; sourceTree = "<group>"; };
		FAAA9110218961A80021F341 /* EventManager.swift */ = {isa = PBXFileReference; lastKnownFileType = sourcecode.swift; path = EventManager.swift; sourceTree = "<group>"; };
/* End PBXFileReference section */

/* Begin PBXFrameworksBuildPhase section */
		628021E7216FA49000CA1168 /* Frameworks */ = {
			isa = PBXFrameworksBuildPhase;
			buildActionMask = 2147483647;
			files = (
				4D8A22490DC4596E0B4EBCF3 /* Pods_HCI_GROUP_13.framework in Frameworks */,
			);
			runOnlyForDeploymentPostprocessing = 0;
		};
		628021FD216FA49700CA1168 /* Frameworks */ = {
			isa = PBXFrameworksBuildPhase;
			buildActionMask = 2147483647;
			files = (
			);
			runOnlyForDeploymentPostprocessing = 0;
		};
		62802208216FA49700CA1168 /* Frameworks */ = {
			isa = PBXFrameworksBuildPhase;
			buildActionMask = 2147483647;
			files = (
			);
			runOnlyForDeploymentPostprocessing = 0;
		};
/* End PBXFrameworksBuildPhase section */

/* Begin PBXGroup section */
		03A70D6B9982B68E614679A6 /* Frameworks */ = {
			isa = PBXGroup;
			children = (
				A41020155692C11C228DF215 /* Pods_HCI_GROUP_13.framework */,
			);
			name = Frameworks;
			sourceTree = "<group>";
		};
		03D5C98D2180F7E100510FDF /* Calendar */ = {
			isa = PBXGroup;
			children = (
				03D5C98B217FE2FC00510FDF /* calendar.storyboard */,
				03D5C987217FE2B400510FDF /* CustomCell.swift */,
				03D5C989217FE2BD00510FDF /* ViewController.swift */,
				FA37A7D02186C1A500753794 /* AddEventController.swift */,
				FAAA9110218961A80021F341 /* EventManager.swift */,
			);
			path = Calendar;
			sourceTree = "<group>";
		};
		03D5C98E2180F80600510FDF /* Tasks */ = {
			isa = PBXGroup;
			children = (
				628021F1216FA49000CA1168 /* AddTaskController.swift */,
				622B80512178A2F0005FEF00 /* CellDescViewController.swift */,
				629CA6C0216FA722003DBA7B /* TaskManager.swift */,
				628021EF216FA49000CA1168 /* TaskTableController.swift */,
			);
			path = Tasks;
			sourceTree = "<group>";
		};
		03D5C98F2180F9C600510FDF /* Merge */ = {
			isa = PBXGroup;
			children = (
				D6D32FDD2186AB32007A6DF6 /* merge.storyboard */,
				D6D32FDE2186AB33007A6DF6 /* MergeView.swift */,
			);
			path = Merge;
			sourceTree = "<group>";
		};
		628021E1216FA49000CA1168 = {
			isa = PBXGroup;
			children = (
				628021EC216FA49000CA1168 /* HCI_GROUP_13 */,
				62802203216FA49700CA1168 /* HCI_GROUP_13Tests */,
				6280220E216FA49700CA1168 /* HCI_GROUP_13UITests */,
				628021EB216FA49000CA1168 /* Products */,
				F82DD76858DC15FFF5DE761E /* Pods */,
				03A70D6B9982B68E614679A6 /* Frameworks */,
			);
			sourceTree = "<group>";
		};
		628021EB216FA49000CA1168 /* Products */ = {
			isa = PBXGroup;
			children = (
				628021EA216FA49000CA1168 /* HCI_GROUP_13.app */,
				62802200216FA49700CA1168 /* HCI_GROUP_13Tests.xctest */,
				6280220B216FA49700CA1168 /* HCI_GROUP_13UITests.xctest */,
			);
			name = Products;
			sourceTree = "<group>";
		};
		628021EC216FA49000CA1168 /* HCI_GROUP_13 */ = {
			isa = PBXGroup;
			children = (
				03D5C98F2180F9C600510FDF /* Merge */,
				03D5C98E2180F80600510FDF /* Tasks */,
				03D5C98D2180F7E100510FDF /* Calendar */,
				628021F3216FA49000CA1168 /* Main.storyboard */,
				628021F6216FA49700CA1168 /* Assets.xcassets */,
				628021F8216FA49700CA1168 /* LaunchScreen.storyboard */,
				D6D46DC8219DD13900C547BB /* GoogleService-Info.plist */,
				628021FB216FA49700CA1168 /* Info.plist */,
				62830E802179135E004FCF65 /* AppDelegate.swift */,
				FA37A7CC2186B2D600753794 /* customSegue.swift */,
			);
			path = HCI_GROUP_13;
			sourceTree = "<group>";
		};
		62802203216FA49700CA1168 /* HCI_GROUP_13Tests */ = {
			isa = PBXGroup;
			children = (
				62802204216FA49700CA1168 /* HCI_GROUP_13Tests.swift */,
				62802206216FA49700CA1168 /* Info.plist */,
			);
			path = HCI_GROUP_13Tests;
			sourceTree = "<group>";
		};
		6280220E216FA49700CA1168 /* HCI_GROUP_13UITests */ = {
			isa = PBXGroup;
			children = (
				6280220F216FA49700CA1168 /* HCI_GROUP_13UITests.swift */,
				62802211216FA49700CA1168 /* Info.plist */,
			);
			path = HCI_GROUP_13UITests;
			sourceTree = "<group>";
		};
		D6D46D98219DD12800C547BB /* Products */ = {
			isa = PBXGroup;
			children = (
				D6D46DA2219DD12800C547BB /* FirebaseCore.framework */,
				D6D46DA4219DD12800C547BB /* FirebaseDatabase.framework */,
				D6D46DA6219DD12800C547BB /* GoogleUtilities.framework */,
				D6D46DA8219DD12800C547BB /* JTAppleCalendar.framework */,
				D6D46DAA219DD12800C547BB /* leveldb.framework */,
				D6D46DAC219DD12800C547BB /* nanopb.framework */,
				D6D46DAE219DD12800C547BB /* Pods_HCI_GROUP_13.framework */,
			);
			name = Products;
			sourceTree = "<group>";
		};
		F82DD76858DC15FFF5DE761E /* Pods */ = {
			isa = PBXGroup;
			children = (
				5BC74D2BDB5F0EF87BE1CE7E /* Pods-HCI_GROUP_13.debug.xcconfig */,
				44FB211FA7342F7EDF529DA3 /* Pods-HCI_GROUP_13.release.xcconfig */,
				D6D46DB0219DD12800C547BB /* Firebase */,
				D6D46DB5219DD12900C547BB /* FirebaseAnalytics */,
				D6D46DB3219DD12900C547BB /* FirebaseCore */,
				D6D46D96219DD12800C547BB /* FirebaseDatabase */,
				D6D46DB6219DD12900C547BB /* FirebaseInstanceID */,
				D6D46DB4219DD12900C547BB /* GoogleAppMeasurement */,
				D6D46DB1219DD12800C547BB /* GoogleUtilities */,
				D6D46DB2219DD12800C547BB /* Headers */,
				D6D46DAF219DD12800C547BB /* JTAppleCalendar */,
				D6D46DB8219DD12900C547BB /* leveldb-library */,
				D6D46DBA219DD12A00C547BB /* Manifest.lock */,
				D6D46DB7219DD12900C547BB /* nanopb */,
				D6D46D97219DD12800C547BB /* Pods.xcodeproj */,
				D6D46DB9219DD12900C547BB /* Target Support Files */,
			);
			name = Pods;
			sourceTree = "<group>";
		};
/* End PBXGroup section */

/* Begin PBXNativeTarget section */
		628021E9216FA49000CA1168 /* HCI_GROUP_13 */ = {
			isa = PBXNativeTarget;
			buildConfigurationList = 62802214216FA49700CA1168 /* Build configuration list for PBXNativeTarget "HCI_GROUP_13" */;
			buildPhases = (
				84DF525D91B6695F5A1123ED /* [CP] Check Pods Manifest.lock */,
				628021E6216FA49000CA1168 /* Sources */,
				628021E7216FA49000CA1168 /* Frameworks */,
				628021E8216FA49000CA1168 /* Resources */,
				5C52820368F59456D8FC6736 /* [CP] Embed Pods Frameworks */,
			);
			buildRules = (
			);
			dependencies = (
			);
			name = HCI_GROUP_13;
			productName = HCI_GROUP_13;
			productReference = 628021EA216FA49000CA1168 /* HCI_GROUP_13.app */;
			productType = "com.apple.product-type.application";
		};
		628021FF216FA49700CA1168 /* HCI_GROUP_13Tests */ = {
			isa = PBXNativeTarget;
			buildConfigurationList = 62802217216FA49700CA1168 /* Build configuration list for PBXNativeTarget "HCI_GROUP_13Tests" */;
			buildPhases = (
				628021FC216FA49700CA1168 /* Sources */,
				628021FD216FA49700CA1168 /* Frameworks */,
				628021FE216FA49700CA1168 /* Resources */,
			);
			buildRules = (
			);
			dependencies = (
				62802202216FA49700CA1168 /* PBXTargetDependency */,
			);
			name = HCI_GROUP_13Tests;
			productName = HCI_GROUP_13Tests;
			productReference = 62802200216FA49700CA1168 /* HCI_GROUP_13Tests.xctest */;
			productType = "com.apple.product-type.bundle.unit-test";
		};
		6280220A216FA49700CA1168 /* HCI_GROUP_13UITests */ = {
			isa = PBXNativeTarget;
			buildConfigurationList = 6280221A216FA49700CA1168 /* Build configuration list for PBXNativeTarget "HCI_GROUP_13UITests" */;
			buildPhases = (
				62802207216FA49700CA1168 /* Sources */,
				62802208216FA49700CA1168 /* Frameworks */,
				62802209216FA49700CA1168 /* Resources */,
			);
			buildRules = (
			);
			dependencies = (
				6280220D216FA49700CA1168 /* PBXTargetDependency */,
			);
			name = HCI_GROUP_13UITests;
			productName = HCI_GROUP_13UITests;
			productReference = 6280220B216FA49700CA1168 /* HCI_GROUP_13UITests.xctest */;
			productType = "com.apple.product-type.bundle.ui-testing";
		};
/* End PBXNativeTarget section */

/* Begin PBXProject section */
		628021E2216FA49000CA1168 /* Project object */ = {
			isa = PBXProject;
			attributes = {
				KnownAssetTags = (
					cell,
				);
				LastSwiftUpdateCheck = 1000;
				LastUpgradeCheck = 1000;
				ORGANIZATIONNAME = "John Mooney";
				TargetAttributes = {
					628021E9216FA49000CA1168 = {
						CreatedOnToolsVersion = 10.0;
					};
					628021FF216FA49700CA1168 = {
						CreatedOnToolsVersion = 10.0;
						TestTargetID = 628021E9216FA49000CA1168;
					};
					6280220A216FA49700CA1168 = {
						CreatedOnToolsVersion = 10.0;
						TestTargetID = 628021E9216FA49000CA1168;
					};
				};
			};
			buildConfigurationList = 628021E5216FA49000CA1168 /* Build configuration list for PBXProject "HCI_GROUP_13" */;
			compatibilityVersion = "Xcode 9.3";
			developmentRegion = en;
			hasScannedForEncodings = 0;
			knownRegions = (
				en,
				Base,
			);
			mainGroup = 628021E1216FA49000CA1168;
			productRefGroup = 628021EB216FA49000CA1168 /* Products */;
			projectDirPath = "";
			projectReferences = (
				{
					ProductGroup = D6D46D98219DD12800C547BB /* Products */;
					ProjectRef = D6D46D97219DD12800C547BB /* Pods.xcodeproj */;
				},
			);
			projectRoot = "";
			targets = (
				628021E9216FA49000CA1168 /* HCI_GROUP_13 */,
				628021FF216FA49700CA1168 /* HCI_GROUP_13Tests */,
				6280220A216FA49700CA1168 /* HCI_GROUP_13UITests */,
			);
		};
/* End PBXProject section */

/* Begin PBXReferenceProxy section */
		D6D46DA2219DD12800C547BB /* FirebaseCore.framework */ = {
			isa = PBXReferenceProxy;
			fileType = wrapper.framework;
			path = FirebaseCore.framework;
			remoteRef = D6D46DA1219DD12800C547BB /* PBXContainerItemProxy */;
			sourceTree = BUILT_PRODUCTS_DIR;
		};
		D6D46DA4219DD12800C547BB /* FirebaseDatabase.framework */ = {
			isa = PBXReferenceProxy;
			fileType = wrapper.framework;
			path = FirebaseDatabase.framework;
			remoteRef = D6D46DA3219DD12800C547BB /* PBXContainerItemProxy */;
			sourceTree = BUILT_PRODUCTS_DIR;
		};
		D6D46DA6219DD12800C547BB /* GoogleUtilities.framework */ = {
			isa = PBXReferenceProxy;
			fileType = wrapper.framework;
			path = GoogleUtilities.framework;
			remoteRef = D6D46DA5219DD12800C547BB /* PBXContainerItemProxy */;
			sourceTree = BUILT_PRODUCTS_DIR;
		};
		D6D46DA8219DD12800C547BB /* JTAppleCalendar.framework */ = {
			isa = PBXReferenceProxy;
			fileType = wrapper.framework;
			path = JTAppleCalendar.framework;
			remoteRef = D6D46DA7219DD12800C547BB /* PBXContainerItemProxy */;
			sourceTree = BUILT_PRODUCTS_DIR;
		};
		D6D46DAA219DD12800C547BB /* leveldb.framework */ = {
			isa = PBXReferenceProxy;
			fileType = wrapper.framework;
			path = leveldb.framework;
			remoteRef = D6D46DA9219DD12800C547BB /* PBXContainerItemProxy */;
			sourceTree = BUILT_PRODUCTS_DIR;
		};
		D6D46DAC219DD12800C547BB /* nanopb.framework */ = {
			isa = PBXReferenceProxy;
			fileType = wrapper.framework;
			path = nanopb.framework;
			remoteRef = D6D46DAB219DD12800C547BB /* PBXContainerItemProxy */;
			sourceTree = BUILT_PRODUCTS_DIR;
		};
		D6D46DAE219DD12800C547BB /* Pods_HCI_GROUP_13.framework */ = {
			isa = PBXReferenceProxy;
			fileType = wrapper.framework;
			path = Pods_HCI_GROUP_13.framework;
			remoteRef = D6D46DAD219DD12800C547BB /* PBXContainerItemProxy */;
			sourceTree = BUILT_PRODUCTS_DIR;
		};
/* End PBXReferenceProxy section */

/* Begin PBXResourcesBuildPhase section */
		628021E8216FA49000CA1168 /* Resources */ = {
			isa = PBXResourcesBuildPhase;
			buildActionMask = 2147483647;
			files = (
				D6D46DC3219DD12A00C547BB /* FirebaseInstanceID in Resources */,
				D6D46DC2219DD12A00C547BB /* FirebaseAnalytics in Resources */,
				D6D46DBE219DD12A00C547BB /* GoogleUtilities in Resources */,
				D6D32FDF2186AB33007A6DF6 /* merge.storyboard in Resources */,
				D6D46DC4219DD12A00C547BB /* nanopb in Resources */,
				D6D46DBC219DD12A00C547BB /* JTAppleCalendar in Resources */,
				628021FA216FA49700CA1168 /* LaunchScreen.storyboard in Resources */,
				D6D46DC6219DD12A00C547BB /* Target Support Files in Resources */,
				628021F7216FA49700CA1168 /* Assets.xcassets in Resources */,
				03D5C98C217FE2FC00510FDF /* calendar.storyboard in Resources */,
				D6D46DBD219DD12A00C547BB /* Firebase in Resources */,
				D6D46DC1219DD12A00C547BB /* GoogleAppMeasurement in Resources */,
				D6D46DC7219DD12A00C547BB /* Manifest.lock in Resources */,
				628021F5216FA49000CA1168 /* Main.storyboard in Resources */,
				D6D46DC9219DD13900C547BB /* GoogleService-Info.plist in Resources */,
				D6D46DC5219DD12A00C547BB /* leveldb-library in Resources */,
				D6D46DBB219DD12A00C547BB /* FirebaseDatabase in Resources */,
				D6D46DBF219DD12A00C547BB /* Headers in Resources */,
				D6D46DC0219DD12A00C547BB /* FirebaseCore in Resources */,
			);
			runOnlyForDeploymentPostprocessing = 0;
		};
		628021FE216FA49700CA1168 /* Resources */ = {
			isa = PBXResourcesBuildPhase;
			buildActionMask = 2147483647;
			files = (
			);
			runOnlyForDeploymentPostprocessing = 0;
		};
		62802209216FA49700CA1168 /* Resources */ = {
			isa = PBXResourcesBuildPhase;
			buildActionMask = 2147483647;
			files = (
			);
			runOnlyForDeploymentPostprocessing = 0;
		};
/* End PBXResourcesBuildPhase section */

/* Begin PBXShellScriptBuildPhase section */
		5C52820368F59456D8FC6736 /* [CP] Embed Pods Frameworks */ = {
			isa = PBXShellScriptBuildPhase;
			buildActionMask = 2147483647;
			files = (
			);
			inputFileListPaths = (
			);
			inputPaths = (
				"${SRCROOT}/Pods/Target Support Files/Pods-HCI_GROUP_13/Pods-HCI_GROUP_13-frameworks.sh",
				"${BUILT_PRODUCTS_DIR}/GoogleUtilities/GoogleUtilities.framework",
				"${BUILT_PRODUCTS_DIR}/JTAppleCalendar/JTAppleCalendar.framework",
				"${BUILT_PRODUCTS_DIR}/leveldb-library/leveldb.framework",
				"${BUILT_PRODUCTS_DIR}/nanopb/nanopb.framework",
			);
			name = "[CP] Embed Pods Frameworks";
			outputFileListPaths = (
			);
			outputPaths = (
				"${TARGET_BUILD_DIR}/${FRAMEWORKS_FOLDER_PATH}/GoogleUtilities.framework",
				"${TARGET_BUILD_DIR}/${FRAMEWORKS_FOLDER_PATH}/JTAppleCalendar.framework",
				"${TARGET_BUILD_DIR}/${FRAMEWORKS_FOLDER_PATH}/leveldb.framework",
				"${TARGET_BUILD_DIR}/${FRAMEWORKS_FOLDER_PATH}/nanopb.framework",
			);
			runOnlyForDeploymentPostprocessing = 0;
			shellPath = /bin/sh;
			shellScript = "\"${SRCROOT}/Pods/Target Support Files/Pods-HCI_GROUP_13/Pods-HCI_GROUP_13-frameworks.sh\"\n";
			showEnvVarsInLog = 0;
		};
		84DF525D91B6695F5A1123ED /* [CP] Check Pods Manifest.lock */ = {
			isa = PBXShellScriptBuildPhase;
			buildActionMask = 2147483647;
			files = (
			);
			inputFileListPaths = (
			);
			inputPaths = (
				"${PODS_PODFILE_DIR_PATH}/Podfile.lock",
				"${PODS_ROOT}/Manifest.lock",
			);
			name = "[CP] Check Pods Manifest.lock";
			outputFileListPaths = (
			);
			outputPaths = (
				"$(DERIVED_FILE_DIR)/Pods-HCI_GROUP_13-checkManifestLockResult.txt",
			);
			runOnlyForDeploymentPostprocessing = 0;
			shellPath = /bin/sh;
			shellScript = "diff \"${PODS_PODFILE_DIR_PATH}/Podfile.lock\" \"${PODS_ROOT}/Manifest.lock\" > /dev/null\nif [ $? != 0 ] ; then\n    # print error to STDERR\n    echo \"error: The sandbox is not in sync with the Podfile.lock. Run 'pod install' or update your CocoaPods installation.\" >&2\n    exit 1\nfi\n# This output is used by Xcode 'outputs' to avoid re-running this script phase.\necho \"SUCCESS\" > \"${SCRIPT_OUTPUT_FILE_0}\"\n";
			showEnvVarsInLog = 0;
		};
/* End PBXShellScriptBuildPhase section */

/* Begin PBXSourcesBuildPhase section */
		628021E6216FA49000CA1168 /* Sources */ = {
			isa = PBXSourcesBuildPhase;
			buildActionMask = 2147483647;
			files = (
				628021F2216FA49000CA1168 /* AddTaskController.swift in Sources */,
				629CA6C1216FA722003DBA7B /* TaskManager.swift in Sources */,
				FAAA9111218961A90021F341 /* EventManager.swift in Sources */,
				FA37A7D12186C1A500753794 /* AddEventController.swift in Sources */,
				628021F0216FA49000CA1168 /* TaskTableController.swift in Sources */,
				62830E812179135E004FCF65 /* AppDelegate.swift in Sources */,
				03D5C98A217FE2BD00510FDF /* ViewController.swift in Sources */,
				FA37A7CD2186B2D600753794 /* customSegue.swift in Sources */,
				D6D32FE02186AB33007A6DF6 /* MergeView.swift in Sources */,
				03D5C988217FE2B400510FDF /* CustomCell.swift in Sources */,
				622B80522178A2F0005FEF00 /* CellDescViewController.swift in Sources */,
			);
			runOnlyForDeploymentPostprocessing = 0;
		};
		628021FC216FA49700CA1168 /* Sources */ = {
			isa = PBXSourcesBuildPhase;
			buildActionMask = 2147483647;
			files = (
				62802205216FA49700CA1168 /* HCI_GROUP_13Tests.swift in Sources */,
			);
			runOnlyForDeploymentPostprocessing = 0;
		};
		62802207216FA49700CA1168 /* Sources */ = {
			isa = PBXSourcesBuildPhase;
			buildActionMask = 2147483647;
			files = (
				62802210216FA49700CA1168 /* HCI_GROUP_13UITests.swift in Sources */,
			);
			runOnlyForDeploymentPostprocessing = 0;
		};
/* End PBXSourcesBuildPhase section */

/* Begin PBXTargetDependency section */
		62802202216FA49700CA1168 /* PBXTargetDependency */ = {
			isa = PBXTargetDependency;
			target = 628021E9216FA49000CA1168 /* HCI_GROUP_13 */;
			targetProxy = 62802201216FA49700CA1168 /* PBXContainerItemProxy */;
		};
		6280220D216FA49700CA1168 /* PBXTargetDependency */ = {
			isa = PBXTargetDependency;
			target = 628021E9216FA49000CA1168 /* HCI_GROUP_13 */;
			targetProxy = 6280220C216FA49700CA1168 /* PBXContainerItemProxy */;
		};
/* End PBXTargetDependency section */

/* Begin PBXVariantGroup section */
		628021F3216FA49000CA1168 /* Main.storyboard */ = {
			isa = PBXVariantGroup;
			children = (
				628021F4216FA49000CA1168 /* Base */,
			);
			name = Main.storyboard;
			sourceTree = "<group>";
		};
		628021F8216FA49700CA1168 /* LaunchScreen.storyboard */ = {
			isa = PBXVariantGroup;
			children = (
				628021F9216FA49700CA1168 /* Base */,
			);
			name = LaunchScreen.storyboard;
			sourceTree = "<group>";
		};
/* End PBXVariantGroup section */

/* Begin XCBuildConfiguration section */
		62802212216FA49700CA1168 /* Debug */ = {
			isa = XCBuildConfiguration;
			buildSettings = {
				ALWAYS_SEARCH_USER_PATHS = NO;
				CLANG_ANALYZER_NONNULL = YES;
				CLANG_ANALYZER_NUMBER_OBJECT_CONVERSION = YES_AGGRESSIVE;
				CLANG_CXX_LANGUAGE_STANDARD = "gnu++14";
				CLANG_CXX_LIBRARY = "libc++";
				CLANG_ENABLE_MODULES = YES;
				CLANG_ENABLE_OBJC_ARC = YES;
				CLANG_ENABLE_OBJC_WEAK = YES;
				CLANG_WARN_BLOCK_CAPTURE_AUTORELEASING = YES;
				CLANG_WARN_BOOL_CONVERSION = YES;
				CLANG_WARN_COMMA = YES;
				CLANG_WARN_CONSTANT_CONVERSION = YES;
				CLANG_WARN_DEPRECATED_OBJC_IMPLEMENTATIONS = YES;
				CLANG_WARN_DIRECT_OBJC_ISA_USAGE = YES_ERROR;
				CLANG_WARN_DOCUMENTATION_COMMENTS = YES;
				CLANG_WARN_EMPTY_BODY = YES;
				CLANG_WARN_ENUM_CONVERSION = YES;
				CLANG_WARN_INFINITE_RECURSION = YES;
				CLANG_WARN_INT_CONVERSION = YES;
				CLANG_WARN_NON_LITERAL_NULL_CONVERSION = YES;
				CLANG_WARN_OBJC_IMPLICIT_RETAIN_SELF = YES;
				CLANG_WARN_OBJC_LITERAL_CONVERSION = YES;
				CLANG_WARN_OBJC_ROOT_CLASS = YES_ERROR;
				CLANG_WARN_RANGE_LOOP_ANALYSIS = YES;
				CLANG_WARN_STRICT_PROTOTYPES = YES;
				CLANG_WARN_SUSPICIOUS_MOVE = YES;
				CLANG_WARN_UNGUARDED_AVAILABILITY = YES_AGGRESSIVE;
				CLANG_WARN_UNREACHABLE_CODE = YES;
				CLANG_WARN__DUPLICATE_METHOD_MATCH = YES;
				CODE_SIGN_IDENTITY = "iPhone Developer";
				COPY_PHASE_STRIP = NO;
				DEBUG_INFORMATION_FORMAT = dwarf;
				ENABLE_STRICT_OBJC_MSGSEND = YES;
				ENABLE_TESTABILITY = YES;
				GCC_C_LANGUAGE_STANDARD = gnu11;
				GCC_DYNAMIC_NO_PIC = NO;
				GCC_NO_COMMON_BLOCKS = YES;
				GCC_OPTIMIZATION_LEVEL = 0;
				GCC_PREPROCESSOR_DEFINITIONS = (
					"DEBUG=1",
					"$(inherited)",
				);
				GCC_WARN_64_TO_32_BIT_CONVERSION = YES;
				GCC_WARN_ABOUT_RETURN_TYPE = YES_ERROR;
				GCC_WARN_UNDECLARED_SELECTOR = YES;
				GCC_WARN_UNINITIALIZED_AUTOS = YES_AGGRESSIVE;
				GCC_WARN_UNUSED_FUNCTION = YES;
				GCC_WARN_UNUSED_VARIABLE = YES;
				IPHONEOS_DEPLOYMENT_TARGET = 12.0;
				MTL_ENABLE_DEBUG_INFO = INCLUDE_SOURCE;
				MTL_FAST_MATH = YES;
				ONLY_ACTIVE_ARCH = YES;
				SDKROOT = iphoneos;
				SWIFT_ACTIVE_COMPILATION_CONDITIONS = DEBUG;
				SWIFT_OPTIMIZATION_LEVEL = "-Onone";
			};
			name = Debug;
		};
		62802213216FA49700CA1168 /* Release */ = {
			isa = XCBuildConfiguration;
			buildSettings = {
				ALWAYS_SEARCH_USER_PATHS = NO;
				CLANG_ANALYZER_NONNULL = YES;
				CLANG_ANALYZER_NUMBER_OBJECT_CONVERSION = YES_AGGRESSIVE;
				CLANG_CXX_LANGUAGE_STANDARD = "gnu++14";
				CLANG_CXX_LIBRARY = "libc++";
				CLANG_ENABLE_MODULES = YES;
				CLANG_ENABLE_OBJC_ARC = YES;
				CLANG_ENABLE_OBJC_WEAK = YES;
				CLANG_WARN_BLOCK_CAPTURE_AUTORELEASING = YES;
				CLANG_WARN_BOOL_CONVERSION = YES;
				CLANG_WARN_COMMA = YES;
				CLANG_WARN_CONSTANT_CONVERSION = YES;
				CLANG_WARN_DEPRECATED_OBJC_IMPLEMENTATIONS = YES;
				CLANG_WARN_DIRECT_OBJC_ISA_USAGE = YES_ERROR;
				CLANG_WARN_DOCUMENTATION_COMMENTS = YES;
				CLANG_WARN_EMPTY_BODY = YES;
				CLANG_WARN_ENUM_CONVERSION = YES;
				CLANG_WARN_INFINITE_RECURSION = YES;
				CLANG_WARN_INT_CONVERSION = YES;
				CLANG_WARN_NON_LITERAL_NULL_CONVERSION = YES;
				CLANG_WARN_OBJC_IMPLICIT_RETAIN_SELF = YES;
				CLANG_WARN_OBJC_LITERAL_CONVERSION = YES;
				CLANG_WARN_OBJC_ROOT_CLASS = YES_ERROR;
				CLANG_WARN_RANGE_LOOP_ANALYSIS = YES;
				CLANG_WARN_STRICT_PROTOTYPES = YES;
				CLANG_WARN_SUSPICIOUS_MOVE = YES;
				CLANG_WARN_UNGUARDED_AVAILABILITY = YES_AGGRESSIVE;
				CLANG_WARN_UNREACHABLE_CODE = YES;
				CLANG_WARN__DUPLICATE_METHOD_MATCH = YES;
				CODE_SIGN_IDENTITY = "iPhone Developer";
				COPY_PHASE_STRIP = NO;
				DEBUG_INFORMATION_FORMAT = "dwarf-with-dsym";
				ENABLE_NS_ASSERTIONS = NO;
				ENABLE_STRICT_OBJC_MSGSEND = YES;
				GCC_C_LANGUAGE_STANDARD = gnu11;
				GCC_NO_COMMON_BLOCKS = YES;
				GCC_WARN_64_TO_32_BIT_CONVERSION = YES;
				GCC_WARN_ABOUT_RETURN_TYPE = YES_ERROR;
				GCC_WARN_UNDECLARED_SELECTOR = YES;
				GCC_WARN_UNINITIALIZED_AUTOS = YES_AGGRESSIVE;
				GCC_WARN_UNUSED_FUNCTION = YES;
				GCC_WARN_UNUSED_VARIABLE = YES;
				IPHONEOS_DEPLOYMENT_TARGET = 12.0;
				MTL_ENABLE_DEBUG_INFO = NO;
				MTL_FAST_MATH = YES;
				SDKROOT = iphoneos;
				SWIFT_COMPILATION_MODE = wholemodule;
				SWIFT_OPTIMIZATION_LEVEL = "-O";
				VALIDATE_PRODUCT = YES;
			};
			name = Release;
		};
		62802215216FA49700CA1168 /* Debug */ = {
			isa = XCBuildConfiguration;
			baseConfigurationReference = 5BC74D2BDB5F0EF87BE1CE7E /* Pods-HCI_GROUP_13.debug.xcconfig */;
			buildSettings = {
				ASSETCATALOG_COMPILER_APPICON_NAME = AppIcon;
				CODE_SIGN_STYLE = Automatic;
				DEVELOPMENT_TEAM = TY2WBW2SKC;
				INFOPLIST_FILE = HCI_GROUP_13/Info.plist;
				LD_RUNPATH_SEARCH_PATHS = (
					"$(inherited)",
					"@executable_path/Frameworks",
				);
				PRODUCT_BUNDLE_IDENTIFIER = "HCI-Project.HCI-GROUP-13";
				PRODUCT_NAME = "$(TARGET_NAME)";
				SWIFT_VERSION = 4.2;
				TARGETED_DEVICE_FAMILY = "1,2";
			};
			name = Debug;
		};
		62802216216FA49700CA1168 /* Release */ = {
			isa = XCBuildConfiguration;
			baseConfigurationReference = 44FB211FA7342F7EDF529DA3 /* Pods-HCI_GROUP_13.release.xcconfig */;
			buildSettings = {
				ASSETCATALOG_COMPILER_APPICON_NAME = AppIcon;
				CODE_SIGN_STYLE = Automatic;
				DEVELOPMENT_TEAM = TY2WBW2SKC;
				INFOPLIST_FILE = HCI_GROUP_13/Info.plist;
				LD_RUNPATH_SEARCH_PATHS = (
					"$(inherited)",
					"@executable_path/Frameworks",
				);
				PRODUCT_BUNDLE_IDENTIFIER = "HCI-Project.HCI-GROUP-13";
				PRODUCT_NAME = "$(TARGET_NAME)";
				SWIFT_VERSION = 4.2;
				TARGETED_DEVICE_FAMILY = "1,2";
			};
			name = Release;
		};
		62802218216FA49700CA1168 /* Debug */ = {
			isa = XCBuildConfiguration;
			buildSettings = {
				ALWAYS_EMBED_SWIFT_STANDARD_LIBRARIES = YES;
				BUNDLE_LOADER = "$(TEST_HOST)";
				CODE_SIGN_STYLE = Automatic;
				INFOPLIST_FILE = HCI_GROUP_13Tests/Info.plist;
				LD_RUNPATH_SEARCH_PATHS = (
					"$(inherited)",
					"@executable_path/Frameworks",
					"@loader_path/Frameworks",
				);
				PRODUCT_BUNDLE_IDENTIFIER = "HCI-Project.HCI-GROUP-13Tests";
				PRODUCT_NAME = "$(TARGET_NAME)";
				SWIFT_VERSION = 4.2;
				TARGETED_DEVICE_FAMILY = "1,2";
				TEST_HOST = "$(BUILT_PRODUCTS_DIR)/HCI_GROUP_13.app/HCI_GROUP_13";
			};
			name = Debug;
		};
		62802219216FA49700CA1168 /* Release */ = {
			isa = XCBuildConfiguration;
			buildSettings = {
				ALWAYS_EMBED_SWIFT_STANDARD_LIBRARIES = YES;
				BUNDLE_LOADER = "$(TEST_HOST)";
				CODE_SIGN_STYLE = Automatic;
				INFOPLIST_FILE = HCI_GROUP_13Tests/Info.plist;
				LD_RUNPATH_SEARCH_PATHS = (
					"$(inherited)",
					"@executable_path/Frameworks",
					"@loader_path/Frameworks",
				);
				PRODUCT_BUNDLE_IDENTIFIER = "HCI-Project.HCI-GROUP-13Tests";
				PRODUCT_NAME = "$(TARGET_NAME)";
				SWIFT_VERSION = 4.2;
				TARGETED_DEVICE_FAMILY = "1,2";
				TEST_HOST = "$(BUILT_PRODUCTS_DIR)/HCI_GROUP_13.app/HCI_GROUP_13";
			};
			name = Release;
		};
		6280221B216FA49700CA1168 /* Debug */ = {
			isa = XCBuildConfiguration;
			buildSettings = {
				ALWAYS_EMBED_SWIFT_STANDARD_LIBRARIES = YES;
				CODE_SIGN_STYLE = Automatic;
				INFOPLIST_FILE = HCI_GROUP_13UITests/Info.plist;
				LD_RUNPATH_SEARCH_PATHS = (
					"$(inherited)",
					"@executable_path/Frameworks",
					"@loader_path/Frameworks",
				);
				PRODUCT_BUNDLE_IDENTIFIER = "HCI-Project.HCI-GROUP-13UITests";
				PRODUCT_NAME = "$(TARGET_NAME)";
				SWIFT_VERSION = 4.2;
				TARGETED_DEVICE_FAMILY = "1,2";
				TEST_TARGET_NAME = HCI_GROUP_13;
			};
			name = Debug;
		};
		6280221C216FA49700CA1168 /* Release */ = {
			isa = XCBuildConfiguration;
			buildSettings = {
				ALWAYS_EMBED_SWIFT_STANDARD_LIBRARIES = YES;
				CODE_SIGN_STYLE = Automatic;
				INFOPLIST_FILE = HCI_GROUP_13UITests/Info.plist;
				LD_RUNPATH_SEARCH_PATHS = (
					"$(inherited)",
					"@executable_path/Frameworks",
					"@loader_path/Frameworks",
				);
				PRODUCT_BUNDLE_IDENTIFIER = "HCI-Project.HCI-GROUP-13UITests";
				PRODUCT_NAME = "$(TARGET_NAME)";
				SWIFT_VERSION = 4.2;
				TARGETED_DEVICE_FAMILY = "1,2";
				TEST_TARGET_NAME = HCI_GROUP_13;
			};
			name = Release;
		};
/* End XCBuildConfiguration section */

/* Begin XCConfigurationList section */
		628021E5216FA49000CA1168 /* Build configuration list for PBXProject "HCI_GROUP_13" */ = {
			isa = XCConfigurationList;
			buildConfigurations = (
				62802212216FA49700CA1168 /* Debug */,
				62802213216FA49700CA1168 /* Release */,
			);
			defaultConfigurationIsVisible = 0;
			defaultConfigurationName = Release;
		};
		62802214216FA49700CA1168 /* Build configuration list for PBXNativeTarget "HCI_GROUP_13" */ = {
			isa = XCConfigurationList;
			buildConfigurations = (
				62802215216FA49700CA1168 /* Debug */,
				62802216216FA49700CA1168 /* Release */,
			);
			defaultConfigurationIsVisible = 0;
			defaultConfigurationName = Release;
		};
		62802217216FA49700CA1168 /* Build configuration list for PBXNativeTarget "HCI_GROUP_13Tests" */ = {
			isa = XCConfigurationList;
			buildConfigurations = (
				62802218216FA49700CA1168 /* Debug */,
				62802219216FA49700CA1168 /* Release */,
			);
			defaultConfigurationIsVisible = 0;
			defaultConfigurationName = Release;
		};
		6280221A216FA49700CA1168 /* Build configuration list for PBXNativeTarget "HCI_GROUP_13UITests" */ = {
			isa = XCConfigurationList;
			buildConfigurations = (
				6280221B216FA49700CA1168 /* Debug */,
				6280221C216FA49700CA1168 /* Release */,
			);
			defaultConfigurationIsVisible = 0;
			defaultConfigurationName = Release;
		};
/* End XCConfigurationList section */
	};
	rootObject = 628021E2216FA49000CA1168 /* Project object */;
}
